PODS:
  - DKPhotoGallery (0.0.16):
    - DKPhotoGallery/Core (= 0.0.16)
    - DKPhotoGallery/Model (= 0.0.16)
    - DKPhotoGallery/Preview (= 0.0.16)
    - DKPhotoGallery/Resource (= 0.0.16)
    - SDWebImage
    - SwiftyGif
  - DKPhotoGallery/Core (0.0.16):
    - DKPhotoGallery/Model
    - DKPhotoGallery/Preview
    - SDWebImage
    - SwiftyGif
  - DKPhotoGallery/Model (0.0.16):
    - SDWebImage
    - SwiftyGif
  - DKPhotoGallery/Preview (0.0.16):
    - DKPhotoGallery/Model
    - DKPhotoGallery/Resource
    - SDWebImage
    - SwiftyGif
  - DKPhotoGallery/Resource (0.0.16):
    - SDWebImage
    - SwiftyGif
  - SDWebImage (5.8.0):
    - SDWebImage/Core (= 5.8.0)
  - SDWebImage/Core (5.8.0)
  - SwiftyGif (5.3.0)

DEPENDENCIES:
  - DKPhotoGallery (from `../`)

SPEC REPOS:
  trunk:
    - SDWebImage
    - SwiftyGif

EXTERNAL SOURCES:
  DKPhotoGallery:
    :path: "../"

SPEC CHECKSUMS:
  DKPhotoGallery: 1a594b53aca51f5def7ba70666632a4276b7e770
  SDWebImage: 84000f962cbfa70c07f19d2234cbfcf5d779b5dc
  SwiftyGif: e466e86c660d343357ab944a819a101c4127cb40

PODFILE CHECKSUM: a473ad59ee5f797d3db4f4e5c10e3addc401c09b

COCOAPODS: 1.8.4
