// !$*UTF8*$!
{
	archiveVersion = 1;
	classes = {
	};
	objectVersion = 46;
	objects = {

/* Begin PBXBuildFile section */
		9C01C93A1D1BBB4800022680 /* AppDelegate.swift in Sources */ = {isa = PBXBuildFile; fileRef = 9C01C9391D1BBB4800022680 /* AppDelegate.swift */; };
		9C01C9411D1BBB4800022680 /* Main.storyboard in Resources */ = {isa = PBXBuildFile; fileRef = 9C01C93F1D1BBB4800022680 /* Main.storyboard */; };
		9C01C9431D1BBB4800022680 /* Assets.xcassets in Resources */ = {isa = PBXBuildFile; fileRef = 9C01C9421D1BBB4800022680 /* Assets.xcassets */; };
		9C01C9461D1BBB4800022680 /* LaunchScreen.storyboard in Resources */ = {isa = PBXBuildFile; fileRef = 9C01C9441D1BBB4800022680 /* LaunchScreen.storyboard */; };
		9C01C9521D1BBD1D00022680 /* DKPhotoGalleryContentVC.swift in Sources */ = {isa = PBXBuildFile; fileRef = 9C01C94D1D1BBD1D00022680 /* DKPhotoGalleryContentVC.swift */; };
		9C01C9531D1BBD1D00022680 /* DKPhotoGallery.swift in Sources */ = {isa = PBXBuildFile; fileRef = 9C01C94E1D1BBD1D00022680 /* DKPhotoGallery.swift */; };
		9C01C9541D1BBD1D00022680 /* DKPhotoGalleryTransitionDismiss.swift in Sources */ = {isa = PBXBuildFile; fileRef = 9C01C94F1D1BBD1D00022680 /* DKPhotoGalleryTransitionDismiss.swift */; };
		9C01C9551D1BBD1D00022680 /* DKPhotoGalleryTransitionPresent.swift in Sources */ = {isa = PBXBuildFile; fileRef = 9C01C9501D1BBD1D00022680 /* DKPhotoGalleryTransitionPresent.swift */; };
		9C01C9561D1BBD1D00022680 /* ViewController.swift in Sources */ = {isa = PBXBuildFile; fileRef = 9C01C9511D1BBD1D00022680 /* ViewController.swift */; };
		B360CD4641E17980F7078573 /* libPods-DKPhotoGallery.a in Frameworks */ = {isa = PBXBuildFile; fileRef = 00A841172561D9C7FFBBB272 /* libPods-DKPhotoGallery.a */; };
/* End PBXBuildFile section */

/* Begin PBXFileReference section */
		00A841172561D9C7FFBBB272 /* libPods-DKPhotoGallery.a */ = {isa = PBXFileReference; explicitFileType = archive.ar; includeInIndex = 0; path = "libPods-DKPhotoGallery.a"; sourceTree = BUILT_PRODUCTS_DIR; };
		2D8FE27D8D8E873894CD90D7 /* Pods-DKPhotoGallery.debug.xcconfig */ = {isa = PBXFileReference; includeInIndex = 1; lastKnownFileType = text.xcconfig; name = "Pods-DKPhotoGallery.debug.xcconfig"; path = "Pods/Target Support Files/Pods-DKPhotoGallery/Pods-DKPhotoGallery.debug.xcconfig"; sourceTree = "<group>"; };
		5502FE261813E00F47BDC611 /* Pods-DKPhotoGallery.release.xcconfig */ = {isa = PBXFileReference; includeInIndex = 1; lastKnownFileType = text.xcconfig; name = "Pods-DKPhotoGallery.release.xcconfig"; path = "Pods/Target Support Files/Pods-DKPhotoGallery/Pods-DKPhotoGallery.release.xcconfig"; sourceTree = "<group>"; };
		9C01C9361D1BBB4800022680 /* DKPhotoGallery.app */ = {isa = PBXFileReference; explicitFileType = wrapper.application; includeInIndex = 0; path = DKPhotoGallery.app; sourceTree = BUILT_PRODUCTS_DIR; };
		9C01C9391D1BBB4800022680 /* AppDelegate.swift */ = {isa = PBXFileReference; lastKnownFileType = sourcecode.swift; path = AppDelegate.swift; sourceTree = "<group>"; };
		9C01C9401D1BBB4800022680 /* Base */ = {isa = PBXFileReference; lastKnownFileType = file.storyboard; name = Base; path = Base.lproj/Main.storyboard; sourceTree = "<group>"; };
		9C01C9421D1BBB4800022680 /* Assets.xcassets */ = {isa = PBXFileReference; lastKnownFileType = folder.assetcatalog; path = Assets.xcassets; sourceTree = "<group>"; };
		9C01C9451D1BBB4800022680 /* Base */ = {isa = PBXFileReference; lastKnownFileType = file.storyboard; name = Base; path = Base.lproj/LaunchScreen.storyboard; sourceTree = "<group>"; };
		9C01C9471D1BBB4800022680 /* Info.plist */ = {isa = PBXFileReference; lastKnownFileType = text.plist.xml; path = Info.plist; sourceTree = "<group>"; };
		9C01C94D1D1BBD1D00022680 /* DKPhotoGalleryContentVC.swift */ = {isa = PBXFileReference; fileEncoding = 4; lastKnownFileType = sourcecode.swift; path = DKPhotoGalleryContentVC.swift; sourceTree = "<group>"; };
		9C01C94E1D1BBD1D00022680 /* DKPhotoGallery.swift */ = {isa = PBXFileReference; fileEncoding = 4; lastKnownFileType = sourcecode.swift; path = DKPhotoGallery.swift; sourceTree = "<group>"; };
		9C01C94F1D1BBD1D00022680 /* DKPhotoGalleryTransitionDismiss.swift */ = {isa = PBXFileReference; fileEncoding = 4; lastKnownFileType = sourcecode.swift; path = DKPhotoGalleryTransitionDismiss.swift; sourceTree = "<group>"; };
		9C01C9501D1BBD1D00022680 /* DKPhotoGalleryTransitionPresent.swift */ = {isa = PBXFileReference; fileEncoding = 4; lastKnownFileType = sourcecode.swift; path = DKPhotoGalleryTransitionPresent.swift; sourceTree = "<group>"; };
		9C01C9511D1BBD1D00022680 /* ViewController.swift */ = {isa = PBXFileReference; fileEncoding = 4; lastKnownFileType = sourcecode.swift; path = ViewController.swift; sourceTree = "<group>"; };
		9C01C9571D1BBD9E00022680 /* DKPhotoGallery-Bridging-Header.h */ = {isa = PBXFileReference; lastKnownFileType = sourcecode.c.h; path = "DKPhotoGallery-Bridging-Header.h"; sourceTree = "<group>"; };
/* End PBXFileReference section */

/* Begin PBXFrameworksBuildPhase section */
		9C01C9331D1BBB4800022680 /* Frameworks */ = {
			isa = PBXFrameworksBuildPhase;
			buildActionMask = 2147483647;
			files = (
				B360CD4641E17980F7078573 /* libPods-DKPhotoGallery.a in Frameworks */,
			);
			runOnlyForDeploymentPostprocessing = 0;
		};
/* End PBXFrameworksBuildPhase section */

/* Begin PBXGroup section */
		67E364D9BF97D62B96E48125 /* Frameworks */ = {
			isa = PBXGroup;
			children = (
				00A841172561D9C7FFBBB272 /* libPods-DKPhotoGallery.a */,
			);
			name = Frameworks;
			sourceTree = "<group>";
		};
		6DC4558470867AD9D5D30E8A /* Pods */ = {
			isa = PBXGroup;
			children = (
				2D8FE27D8D8E873894CD90D7 /* Pods-DKPhotoGallery.debug.xcconfig */,
				5502FE261813E00F47BDC611 /* Pods-DKPhotoGallery.release.xcconfig */,
			);
			name = Pods;
			sourceTree = "<group>";
		};
		9C01C92D1D1BBB4800022680 = {
			isa = PBXGroup;
			children = (
				9C01C9381D1BBB4800022680 /* DKPhotoGallery */,
				9C01C9371D1BBB4800022680 /* Products */,
				6DC4558470867AD9D5D30E8A /* Pods */,
				67E364D9BF97D62B96E48125 /* Frameworks */,
			);
			sourceTree = "<group>";
		};
		9C01C9371D1BBB4800022680 /* Products */ = {
			isa = PBXGroup;
			children = (
				9C01C9361D1BBB4800022680 /* DKPhotoGallery.app */,
			);
			name = Products;
			sourceTree = "<group>";
		};
		9C01C9381D1BBB4800022680 /* DKPhotoGallery */ = {
			isa = PBXGroup;
			children = (
				9C01C94E1D1BBD1D00022680 /* DKPhotoGallery.swift */,
				9C01C94D1D1BBD1D00022680 /* DKPhotoGalleryContentVC.swift */,
				9C01C94F1D1BBD1D00022680 /* DKPhotoGalleryTransitionDismiss.swift */,
				9C01C9501D1BBD1D00022680 /* DKPhotoGalleryTransitionPresent.swift */,
				9C01C9511D1BBD1D00022680 /* ViewController.swift */,
				9C01C9391D1BBB4800022680 /* AppDelegate.swift */,
				9C01C93F1D1BBB4800022680 /* Main.storyboard */,
				9C01C9421D1BBB4800022680 /* Assets.xcassets */,
				9C01C9441D1BBB4800022680 /* LaunchScreen.storyboard */,
				9C01C9471D1BBB4800022680 /* Info.plist */,
				9C01C9571D1BBD9E00022680 /* DKPhotoGallery-Bridging-Header.h */,
			);
			path = DKPhotoGallery;
			sourceTree = "<group>";
		};
/* End PBXGroup section */

/* Begin PBXNativeTarget section */
		9C01C9351D1BBB4800022680 /* DKPhotoGallery */ = {
			isa = PBXNativeTarget;
			buildConfigurationList = 9C01C94A1D1BBB4800022680 /* Build configuration list for PBXNativeTarget "DKPhotoGallery" */;
			buildPhases = (
				9B2449595E11BF943C60DCBF /* [CP] Check Pods Manifest.lock */,
				9C01C9321D1BBB4800022680 /* Sources */,
				9C01C9331D1BBB4800022680 /* Frameworks */,
				9C01C9341D1BBB4800022680 /* Resources */,
				8B5057C5A310DFE5360E9BB6 /* [CP] Embed Pods Frameworks */,
				61733D10FA66B5BFD3FCE22A /* [CP] Copy Pods Resources */,
			);
			buildRules = (
			);
			dependencies = (
			);
			name = DKPhotoGallery;
			productName = DKPhotoGallery;
			productReference = 9C01C9361D1BBB4800022680 /* DKPhotoGallery.app */;
			productType = "com.apple.product-type.application";
		};
/* End PBXNativeTarget section */

/* Begin PBXProject section */
		9C01C92E1D1BBB4800022680 /* Project object */ = {
			isa = PBXProject;
			attributes = {
				LastSwiftUpdateCheck = 0730;
				LastUpgradeCheck = 0730;
				ORGANIZATIONNAME = ZhangAo;
				TargetAttributes = {
					9C01C9351D1BBB4800022680 = {
						CreatedOnToolsVersion = 7.3.1;
					};
				};
			};
			buildConfigurationList = 9C01C9311D1BBB4800022680 /* Build configuration list for PBXProject "DKPhotoGallery" */;
			compatibilityVersion = "Xcode 3.2";
			developmentRegion = English;
			hasScannedForEncodings = 0;
			knownRegions = (
				en,
				Base,
			);
			mainGroup = 9C01C92D1D1BBB4800022680;
			productRefGroup = 9C01C9371D1BBB4800022680 /* Products */;
			projectDirPath = "";
			projectRoot = "";
			targets = (
				9C01C9351D1BBB4800022680 /* DKPhotoGallery */,
			);
		};
/* End PBXProject section */

/* Begin PBXResourcesBuildPhase section */
		9C01C9341D1BBB4800022680 /* Resources */ = {
			isa = PBXResourcesBuildPhase;
			buildActionMask = 2147483647;
			files = (
				9C01C9461D1BBB4800022680 /* LaunchScreen.storyboard in Resources */,
				9C01C9431D1BBB4800022680 /* Assets.xcassets in Resources */,
				9C01C9411D1BBB4800022680 /* Main.storyboard in Resources */,
			);
			runOnlyForDeploymentPostprocessing = 0;
		};
/* End PBXResourcesBuildPhase section */

/* Begin PBXShellScriptBuildPhase section */
		61733D10FA66B5BFD3FCE22A /* [CP] Copy Pods Resources */ = {
			isa = PBXShellScriptBuildPhase;
			buildActionMask = 2147483647;
			files = (
			);
			inputPaths = (
			);
			name = "[CP] Copy Pods Resources";
			outputPaths = (
			);
			runOnlyForDeploymentPostprocessing = 0;
			shellPath = /bin/sh;
			shellScript = "\"${SRCROOT}/Pods/Target Support Files/Pods-DKPhotoGallery/Pods-DKPhotoGallery-resources.sh\"\n";
			showEnvVarsInLog = 0;
		};
		8B5057C5A310DFE5360E9BB6 /* [CP] Embed Pods Frameworks */ = {
			isa = PBXShellScriptBuildPhase;
			buildActionMask = 2147483647;
			files = (
			);
			inputPaths = (
			);
			name = "[CP] Embed Pods Frameworks";
			outputPaths = (
			);
			runOnlyForDeploymentPostprocessing = 0;
			shellPath = /bin/sh;
			shellScript = "\"${SRCROOT}/Pods/Target Support Files/Pods-DKPhotoGallery/Pods-DKPhotoGallery-frameworks.sh\"\n";
			showEnvVarsInLog = 0;
		};
		9B2449595E11BF943C60DCBF /* [CP] Check Pods Manifest.lock */ = {
			isa = PBXShellScriptBuildPhase;
			buildActionMask = 2147483647;
			files = (
			);
			inputPaths = (
			);
			name = "[CP] Check Pods Manifest.lock";
			outputPaths = (
			);
			runOnlyForDeploymentPostprocessing = 0;
			shellPath = /bin/sh;
			shellScript = "diff \"${PODS_ROOT}/../Podfile.lock\" \"${PODS_ROOT}/Manifest.lock\" > /dev/null\nif [[ $? != 0 ]] ; then\n    cat << EOM\nerror: The sandbox is not in sync with the Podfile.lock. Run 'pod install' or update your CocoaPods installation.\nEOM\n    exit 1\nfi\n";
			showEnvVarsInLog = 0;
		};
/* End PBXShellScriptBuildPhase section */

/* Begin PBXSourcesBuildPhase section */
		9C01C9321D1BBB4800022680 /* Sources */ = {
			isa = PBXSourcesBuildPhase;
			buildActionMask = 2147483647;
			files = (
				9C01C9561D1BBD1D00022680 /* ViewController.swift in Sources */,
				9C01C9551D1BBD1D00022680 /* DKPhotoGalleryTransitionPresent.swift in Sources */,
				9C01C9521D1BBD1D00022680 /* DKPhotoGalleryContentVC.swift in Sources */,
				9C01C9531D1BBD1D00022680 /* DKPhotoGallery.swift in Sources */,
				9C01C9541D1BBD1D00022680 /* DKPhotoGalleryTransitionDismiss.swift in Sources */,
				9C01C93A1D1BBB4800022680 /* AppDelegate.swift in Sources */,
			);
			runOnlyForDeploymentPostprocessing = 0;
		};
/* End PBXSourcesBuildPhase section */

/* Begin PBXVariantGroup section */
		9C01C93F1D1BBB4800022680 /* Main.storyboard */ = {
			isa = PBXVariantGroup;
			children = (
				9C01C9401D1BBB4800022680 /* Base */,
			);
			name = Main.storyboard;
			sourceTree = "<group>";
		};
		9C01C9441D1BBB4800022680 /* LaunchScreen.storyboard */ = {
			isa = PBXVariantGroup;
			children = (
				9C01C9451D1BBB4800022680 /* Base */,
			);
			name = LaunchScreen.storyboard;
			sourceTree = "<group>";
		};
/* End PBXVariantGroup section */

/* Begin XCBuildConfiguration section */
		9C01C9481D1BBB4800022680 /* Debug */ = {
			isa = XCBuildConfiguration;
			buildSettings = {
				ALWAYS_SEARCH_USER_PATHS = NO;
				CLANG_ANALYZER_NONNULL = YES;
				CLANG_CXX_LANGUAGE_STANDARD = "gnu++0x";
				CLANG_CXX_LIBRARY = "libc++";
				CLANG_ENABLE_MODULES = YES;
				CLANG_ENABLE_OBJC_ARC = YES;
				CLANG_WARN_BOOL_CONVERSION = YES;
				CLANG_WARN_CONSTANT_CONVERSION = YES;
				CLANG_WARN_DIRECT_OBJC_ISA_USAGE = YES_ERROR;
				CLANG_WARN_EMPTY_BODY = YES;
				CLANG_WARN_ENUM_CONVERSION = YES;
				CLANG_WARN_INT_CONVERSION = YES;
				CLANG_WARN_OBJC_ROOT_CLASS = YES_ERROR;
				CLANG_WARN_UNREACHABLE_CODE = YES;
				CLANG_WARN__DUPLICATE_METHOD_MATCH = YES;
				"CODE_SIGN_IDENTITY[sdk=iphoneos*]" = "iPhone Developer";
				COPY_PHASE_STRIP = NO;
				DEBUG_INFORMATION_FORMAT = dwarf;
				ENABLE_STRICT_OBJC_MSGSEND = YES;
				ENABLE_TESTABILITY = YES;
				GCC_C_LANGUAGE_STANDARD = gnu99;
				GCC_DYNAMIC_NO_PIC = NO;
				GCC_NO_COMMON_BLOCKS = YES;
				GCC_OPTIMIZATION_LEVEL = 0;
				GCC_PREPROCESSOR_DEFINITIONS = (
					"DEBUG=1",
					"$(inherited)",
				);
				GCC_WARN_64_TO_32_BIT_CONVERSION = YES;
				GCC_WARN_ABOUT_RETURN_TYPE = YES_ERROR;
				GCC_WARN_UNDECLARED_SELECTOR = YES;
				GCC_WARN_UNINITIALIZED_AUTOS = YES_AGGRESSIVE;
				GCC_WARN_UNUSED_FUNCTION = YES;
				GCC_WARN_UNUSED_VARIABLE = YES;
				IPHONEOS_DEPLOYMENT_TARGET = 9.3;
				MTL_ENABLE_DEBUG_INFO = YES;
				ONLY_ACTIVE_ARCH = YES;
				SDKROOT = iphoneos;
				SWIFT_OPTIMIZATION_LEVEL = "-Onone";
				TARGETED_DEVICE_FAMILY = "1,2";
			};
			name = Debug;
		};
		9C01C9491D1BBB4800022680 /* Release */ = {
			isa = XCBuildConfiguration;
			buildSettings = {
				ALWAYS_SEARCH_USER_PATHS = NO;
				CLANG_ANALYZER_NONNULL = YES;
				CLANG_CXX_LANGUAGE_STANDARD = "gnu++0x";
				CLANG_CXX_LIBRARY = "libc++";
				CLANG_ENABLE_MODULES = YES;
				CLANG_ENABLE_OBJC_ARC = YES;
				CLANG_WARN_BOOL_CONVERSION = YES;
				CLANG_WARN_CONSTANT_CONVERSION = YES;
				CLANG_WARN_DIRECT_OBJC_ISA_USAGE = YES_ERROR;
				CLANG_WARN_EMPTY_BODY = YES;
				CLANG_WARN_ENUM_CONVERSION = YES;
				CLANG_WARN_INT_CONVERSION = YES;
				CLANG_WARN_OBJC_ROOT_CLASS = YES_ERROR;
				CLANG_WARN_UNREACHABLE_CODE = YES;
				CLANG_WARN__DUPLICATE_METHOD_MATCH = YES;
				"CODE_SIGN_IDENTITY[sdk=iphoneos*]" = "iPhone Developer";
				COPY_PHASE_STRIP = NO;
				DEBUG_INFORMATION_FORMAT = "dwarf-with-dsym";
				ENABLE_NS_ASSERTIONS = NO;
				ENABLE_STRICT_OBJC_MSGSEND = YES;
				GCC_C_LANGUAGE_STANDARD = gnu99;
				GCC_NO_COMMON_BLOCKS = YES;
				GCC_WARN_64_TO_32_BIT_CONVERSION = YES;
				GCC_WARN_ABOUT_RETURN_TYPE = YES_ERROR;
				GCC_WARN_UNDECLARED_SELECTOR = YES;
				GCC_WARN_UNINITIALIZED_AUTOS = YES_AGGRESSIVE;
				GCC_WARN_UNUSED_FUNCTION = YES;
				GCC_WARN_UNUSED_VARIABLE = YES;
				IPHONEOS_DEPLOYMENT_TARGET = 9.3;
				MTL_ENABLE_DEBUG_INFO = NO;
				SDKROOT = iphoneos;
				TARGETED_DEVICE_FAMILY = "1,2";
				VALIDATE_PRODUCT = YES;
			};
			name = Release;
		};
		9C01C94B1D1BBB4800022680 /* Debug */ = {
			isa = XCBuildConfiguration;
			baseConfigurationReference = 2D8FE27D8D8E873894CD90D7 /* Pods-DKPhotoGallery.debug.xcconfig */;
			buildSettings = {
				ASSETCATALOG_COMPILER_APPICON_NAME = AppIcon;
				INFOPLIST_FILE = DKPhotoGallery/Info.plist;
				IPHONEOS_DEPLOYMENT_TARGET = 8.0;
				LD_RUNPATH_SEARCH_PATHS = "$(inherited) @executable_path/Frameworks";
				PRODUCT_BUNDLE_IDENTIFIER = com.zhangao.DKPhotoGallery;
				PRODUCT_NAME = "$(TARGET_NAME)";
				SWIFT_OBJC_BRIDGING_HEADER = "DKPhotoGallery/DKPhotoGallery-Bridging-Header.h";
			};
			name = Debug;
		};
		9C01C94C1D1BBB4800022680 /* Release */ = {
			isa = XCBuildConfiguration;
			baseConfigurationReference = 5502FE261813E00F47BDC611 /* Pods-DKPhotoGallery.release.xcconfig */;
			buildSettings = {
				ASSETCATALOG_COMPILER_APPICON_NAME = AppIcon;
				INFOPLIST_FILE = DKPhotoGallery/Info.plist;
				IPHONEOS_DEPLOYMENT_TARGET = 8.0;
				LD_RUNPATH_SEARCH_PATHS = "$(inherited) @executable_path/Frameworks";
				PRODUCT_BUNDLE_IDENTIFIER = com.zhangao.DKPhotoGallery;
				PRODUCT_NAME = "$(TARGET_NAME)";
				SWIFT_OBJC_BRIDGING_HEADER = "DKPhotoGallery/DKPhotoGallery-Bridging-Header.h";
			};
			name = Release;
		};
/* End XCBuildConfiguration section */

/* Begin XCConfigurationList section */
		9C01C9311D1BBB4800022680 /* Build configuration list for PBXProject "DKPhotoGallery" */ = {
			isa = XCConfigurationList;
			buildConfigurations = (
				9C01C9481D1BBB4800022680 /* Debug */,
				9C01C9491D1BBB4800022680 /* Release */,
			);
			defaultConfigurationIsVisible = 0;
			defaultConfigurationName = Release;
		};
		9C01C94A1D1BBB4800022680 /* Build configuration list for PBXNativeTarget "DKPhotoGallery" */ = {
			isa = XCConfigurationList;
			buildConfigurations = (
				9C01C94B1D1BBB4800022680 /* Debug */,
				9C01C94C1D1BBB4800022680 /* Release */,
			);
			defaultConfigurationIsVisible = 0;
			defaultConfigurationName = Release;
		};
/* End XCConfigurationList section */
	};
	rootObject = 9C01C92E1D1BBB4800022680 /* Project object */;
}
